
Microsoft Visual Studio Solution File, Format Version 12.00
# Visual Studio Version 17
VisualStudioVersion = 17.9.34728.123
MinimumVisualStudioVersion = 10.0.40219.1
Project("{9A19103F-16F7-4668-BE54-9A1E7A4F7556}") = "PinewoodApi", "PinewoodApi\PinewoodApi.csproj", "{89A68B36-1CB8-45F3-995B-74C94D172B48}"
EndProject
Project("{9A19103F-16F7-4668-BE54-9A1E7A4F7556}") = "PinewoodUI", "PinewoodUI\PinewoodUI.csproj", "{72F6A5CD-37CB-430A-A185-0FF758ED8658}"
EndProject
Global
	GlobalSection(SolutionConfigurationPlatforms) = preSolution
		Debug|Any CPU = Debug|Any CPU
		Release|Any CPU = Release|Any CPU
	EndGlobalSection
	GlobalSection(ProjectConfigurationPlatforms) = postSolution
		{89A68B36-1CB8-45F3-995B-74C94D172B48}.Debug|Any CPU.ActiveCfg = Debug|Any CPU
		{89A68B36-1CB8-45F3-995B-74C94D172B48}.Debug|Any CPU.Build.0 = Debug|Any CPU
		{89A68B36-1CB8-45F3-995B-74C94D172B48}.Release|Any CPU.ActiveCfg = Release|Any CPU
		{89A68B36-1CB8-45F3-995B-74C94D172B48}.Release|Any CPU.Build.0 = Release|Any CPU
		{72F6A5CD-37CB-430A-A185-0FF758ED8658}.Debug|Any CPU.ActiveCfg = Debug|Any CPU
		{72F6A5CD-37CB-430A-A185-0FF758ED8658}.Debug|Any CPU.Build.0 = Debug|Any CPU
		{72F6A5CD-37CB-430A-A185-0FF758ED8658}.Release|Any CPU.ActiveCfg = Release|Any CPU
		{72F6A5CD-37CB-430A-A185-0FF758ED8658}.Release|Any CPU.Build.0 = Release|Any CPU
	EndGlobalSection
	GlobalSection(SolutionProperties) = preSolution
		HideSolutionNode = FALSE
	EndGlobalSection
	GlobalSection(ExtensibilityGlobals) = postSolution
		SolutionGuid = {B26F3866-53E9-4D16-B422-42A8BED2569C}
	EndGlobalSection
EndGlobal
